lockfileVersion: '9.0'

settings:
  autoInstallPeers: true
  excludeLinksFromLockfile: false

importers:

  .:
    dependencies:
      ofetch:
        specifier: ^1.4.0
        version: 1.4.0

packages:

  destr@2.0.3:
    resolution: {integrity: sha512-2N3BOUU4gYMpTP24s5rF5iP7BDr7uNTCs4ozw3kf/eKfvWSIu93GEBi5m427YoyJoeOzQ5smuu4nNAPGb8idSQ==}

  node-fetch-native@1.6.4:
    resolution: {integrity: sha512-IhOigYzAKHd244OC0JIMIUrjzctirCmPkaIfhDeGcEETWof5zKYUW7e7MYvChGWh/4CJeXEgsRyGzuF334rOOQ==}

  ofetch@1.4.0:
    resolution: {integrity: sha512-MuHgsEhU6zGeX+EMh+8mSMrYTnsqJQQrpM00Q6QHMKNqQ0bKy0B43tk8tL1wg+CnsSTy1kg4Ir2T5Ig6rD+dfQ==}

  ufo@1.5.4:
    resolution: {integrity: sha512-UsUk3byDzKd04EyoZ7U4DOlxQaD14JUKQl6/P7wiX4FNvUfm3XL246n9W5AmqwW5RSFJ27NAuM0iLscAOYUiGQ==}

snapshots:

  destr@2.0.3: {}

  node-fetch-native@1.6.4: {}

  ofetch@1.4.0:
    dependencies:
      destr: 2.0.3
      node-fetch-native: 1.6.4
      ufo: 1.5.4

  ufo@1.5.4: {}
